
Microsoft Visual Studio Solution File, Format Version 11.00
# Visual Studio 2010
Project("{FAE04EC0-301F-11D3-BF4B-00C04F79EFBC}") = "AnySmtpTester.Web", "AnySmtpTester.Web\AnySmtpTester.Web.csproj", "{36A0398B-A067-4A29-94D8-797617C1BAA4}"
EndProject
Project("{FAE04EC0-301F-11D3-BF4B-00C04F79EFBC}") = "AnySmtpTester.Tests", "AnySmtpTester.Tests\AnySmtpTester.Tests.csproj", "{7114E494-F7CD-4F84-9EDD-30D043779CD2}"
EndProject
Global
	GlobalSection(SolutionConfigurationPlatforms) = preSolution
		Debug|Any CPU = Debug|Any CPU
		Release|Any CPU = Release|Any CPU
	EndGlobalSection
	GlobalSection(ProjectConfigurationPlatforms) = postSolution
		{36A0398B-A067-4A29-94D8-797617C1BAA4}.Debug|Any CPU.ActiveCfg = Debug|Any CPU
		{36A0398B-A067-4A29-94D8-797617C1BAA4}.Debug|Any CPU.Build.0 = Debug|Any CPU
		{36A0398B-A067-4A29-94D8-797617C1BAA4}.Release|Any CPU.ActiveCfg = Release|Any CPU
		{36A0398B-A067-4A29-94D8-797617C1BAA4}.Release|Any CPU.Build.0 = Release|Any CPU
		{7114E494-F7CD-4F84-9EDD-30D043779CD2}.Debug|Any CPU.ActiveCfg = Debug|Any CPU
		{7114E494-F7CD-4F84-9EDD-30D043779CD2}.Debug|Any CPU.Build.0 = Debug|Any CPU
		{7114E494-F7CD-4F84-9EDD-30D043779CD2}.Release|Any CPU.ActiveCfg = Release|Any CPU
		{7114E494-F7CD-4F84-9EDD-30D043779CD2}.Release|Any CPU.Build.0 = Release|Any CPU
	EndGlobalSection
	GlobalSection(SolutionProperties) = preSolution
		HideSolutionNode = FALSE
	EndGlobalSection
EndGlobal
